
Microsoft Visual Studio Solution File, Format Version 12.00
# Visual Studio Version 17
VisualStudioVersion = 17.14.36908.2 d17.14
MinimumVisualStudioVersion = 10.0.40219.1
Project("{8BC9CEB8-8B4A-11D0-8D11-00A0C91BC942}") = "5_14", "5_14\5_14.vcxproj", "{AA76636A-2720-49CA-B1D7-A160C240AED6}"
EndProject
Global
	GlobalSection(SolutionConfigurationPlatforms) = preSolution
		Debug|x64 = Debug|x64
		Debug|x86 = Debug|x86
		Release|x64 = Release|x64
		Release|x86 = Release|x86
	EndGlobalSection
	GlobalSection(ProjectConfigurationPlatforms) = postSolution
		{AA76636A-2720-49CA-B1D7-A160C240AED6}.Debug|x64.ActiveCfg = Debug|x64
		{AA76636A-2720-49CA-B1D7-A160C240AED6}.Debug|x64.Build.0 = Debug|x64
		{AA76636A-2720-49CA-B1D7-A160C240AED6}.Debug|x86.ActiveCfg = Debug|Win32
		{AA76636A-2720-49CA-B1D7-A160C240AED6}.Debug|x86.Build.0 = Debug|Win32
		{AA76636A-2720-49CA-B1D7-A160C240AED6}.Release|x64.ActiveCfg = Release|x64
		{AA76636A-2720-49CA-B1D7-A160C240AED6}.Release|x64.Build.0 = Release|x64
		{AA76636A-2720-49CA-B1D7-A160C240AED6}.Release|x86.ActiveCfg = Release|Win32
		{AA76636A-2720-49CA-B1D7-A160C240AED6}.Release|x86.Build.0 = Release|Win32
	EndGlobalSection
	GlobalSection(SolutionProperties) = preSolution
		HideSolutionNode = FALSE
	EndGlobalSection
	GlobalSection(ExtensibilityGlobals) = postSolution
		SolutionGuid = {A72D541F-8E59-4B77-913F-F68ECB5C4F60}
	EndGlobalSection
EndGlobal
